{
  "name": "liquid-doc-parse",
  "version": "1.0.0",
  "lockfileVersion": 3,
  "requires": true,
  "packages": {
    "": {
      "name": "liquid-doc-parse",
      "version": "1.0.0",
      "license": "MIT",
      "dependencies": {
        "wasm-liquid_doc-parser": "file:../web/pkg"
      }
    },
    "../web/pkg": {
      "version": "0.1.0"
    },
    "node_modules/wasm-liquid_doc-parser": {
      "resolved": "../web/pkg",
      "link": true
    }
  }
}
